// !$*UTF8*$!
{
	archiveVersion = 1;
	classes = {
	};
	objectVersion = 55;
	objects = {

/* Begin PBXBuildFile section */
		5EF1246A28A83C640056548D /* Object_RecognizerApp.swift in Sources */ = {isa = PBXBuildFile; fileRef = 5EF1246928A83C640056548D /* Object_RecognizerApp.swift */; };
		5EF1246E28A83C650056548D /* Assets.xcassets in Resources */ = {isa = PBXBuildFile; fileRef = 5EF1246D28A83C650056548D /* Assets.xcassets */; };
		5EF1247128A83C650056548D /* Preview Assets.xcassets in Resources */ = {isa = PBXBuildFile; fileRef = 5EF1247028A83C650056548D /* Preview Assets.xcassets */; };
		5EF1247B28A83C650056548D /* Object_RecognizerTests.swift in Sources */ = {isa = PBXBuildFile; fileRef = 5EF1247A28A83C650056548D /* Object_RecognizerTests.swift */; };
		5EF1248528A83C650056548D /* Object_RecognizerUITests.swift in Sources */ = {isa = PBXBuildFile; fileRef = 5EF1248428A83C650056548D /* Object_RecognizerUITests.swift */; };
		5EF1248728A83C650056548D /* Object_RecognizerUITestsLaunchTests.swift in Sources */ = {isa = PBXBuildFile; fileRef = 5EF1248628A83C650056548D /* Object_RecognizerUITestsLaunchTests.swift */; };
		5EF1249B28A83DB60056548D /* ContentView.swift in Sources */ = {isa = PBXBuildFile; fileRef = 5EF1249A28A83DB60056548D /* ContentView.swift */; };
		5EF1249D28A83DBE0056548D /* ImagePicker.swift in Sources */ = {isa = PBXBuildFile; fileRef = 5EF1249C28A83DBE0056548D /* ImagePicker.swift */; };
		5EF124A328A84DA30056548D /* ImageConverter.swift in Sources */ = {isa = PBXBuildFile; fileRef = 5EF124A228A84DA30056548D /* ImageConverter.swift */; };
		5EF124A728A890330056548D /* MobileNet.mlmodel in Sources */ = {isa = PBXBuildFile; fileRef = 5EF124A628A890330056548D /* MobileNet.mlmodel */; };
		5EF124AB28A8988A0056548D /* CatOrDogClassifier.mlmodel in Sources */ = {isa = PBXBuildFile; fileRef = 5EF124AA28A8988A0056548D /* CatOrDogClassifier.mlmodel */; };
/* End PBXBuildFile section */

/* Begin PBXContainerItemProxy section */
		5EF1247728A83C650056548D /* PBXContainerItemProxy */ = {
			isa = PBXContainerItemProxy;
			containerPortal = 5EF1245E28A83C640056548D /* Project object */;
			proxyType = 1;
			remoteGlobalIDString = 5EF1246528A83C640056548D;
			remoteInfo = "Object Recognizer";
		};
		5EF1248128A83C650056548D /* PBXContainerItemProxy */ = {
			isa = PBXContainerItemProxy;
			containerPortal = 5EF1245E28A83C640056548D /* Project object */;
			proxyType = 1;
			remoteGlobalIDString = 5EF1246528A83C640056548D;
			remoteInfo = "Object Recognizer";
		};
/* End PBXContainerItemProxy section */

/* Begin PBXFileReference section */
		5EF1246628A83C640056548D /* Object Recognizer.app */ = {isa = PBXFileReference; explicitFileType = wrapper.application; includeInIndex = 0; path = "Object Recognizer.app"; sourceTree = BUILT_PRODUCTS_DIR; };
		5EF1246928A83C640056548D /* Object_RecognizerApp.swift */ = {isa = PBXFileReference; lastKnownFileType = sourcecode.swift; path = Object_RecognizerApp.swift; sourceTree = "<group>"; };
		5EF1246D28A83C650056548D /* Assets.xcassets */ = {isa = PBXFileReference; lastKnownFileType = folder.assetcatalog; path = Assets.xcassets; sourceTree = "<group>"; };
		5EF1247028A83C650056548D /* Preview Assets.xcassets */ = {isa = PBXFileReference; lastKnownFileType = folder.assetcatalog; path = "Preview Assets.xcassets"; sourceTree = "<group>"; };
		5EF1247628A83C650056548D /* Object RecognizerTests.xctest */ = {isa = PBXFileReference; explicitFileType = wrapper.cfbundle; includeInIndex = 0; path = "Object RecognizerTests.xctest"; sourceTree = BUILT_PRODUCTS_DIR; };
		5EF1247A28A83C650056548D /* Object_RecognizerTests.swift */ = {isa = PBXFileReference; lastKnownFileType = sourcecode.swift; path = Object_RecognizerTests.swift; sourceTree = "<group>"; };
		5EF1248028A83C650056548D /* Object RecognizerUITests.xctest */ = {isa = PBXFileReference; explicitFileType = wrapper.cfbundle; includeInIndex = 0; path = "Object RecognizerUITests.xctest"; sourceTree = BUILT_PRODUCTS_DIR; };
		5EF1248428A83C650056548D /* Object_RecognizerUITests.swift */ = {isa = PBXFileReference; lastKnownFileType = sourcecode.swift; path = Object_RecognizerUITests.swift; sourceTree = "<group>"; };
		5EF1248628A83C650056548D /* Object_RecognizerUITestsLaunchTests.swift */ = {isa = PBXFileReference; lastKnownFileType = sourcecode.swift; path = Object_RecognizerUITestsLaunchTests.swift; sourceTree = "<group>"; };
		5EF1249A28A83DB60056548D /* ContentView.swift */ = {isa = PBXFileReference; fileEncoding = 4; lastKnownFileType = sourcecode.swift; path = ContentView.swift; sourceTree = "<group>"; };
		5EF1249C28A83DBE0056548D /* ImagePicker.swift */ = {isa = PBXFileReference; fileEncoding = 4; lastKnownFileType = sourcecode.swift; path = ImagePicker.swift; sourceTree = "<group>"; };
		5EF124A228A84DA30056548D /* ImageConverter.swift */ = {isa = PBXFileReference; lastKnownFileType = sourcecode.swift; path = ImageConverter.swift; sourceTree = "<group>"; };
		5EF124A628A890330056548D /* MobileNet.mlmodel */ = {isa = PBXFileReference; lastKnownFileType = file.mlmodel; path = MobileNet.mlmodel; sourceTree = "<group>"; };
		5EF124AA28A8988A0056548D /* CatOrDogClassifier.mlmodel */ = {isa = PBXFileReference; lastKnownFileType = file.mlmodel; path = CatOrDogClassifier.mlmodel; sourceTree = "<group>"; };
/* End PBXFileReference section */

/* Begin PBXFrameworksBuildPhase section */
		5EF1246328A83C640056548D /* Frameworks */ = {
			isa = PBXFrameworksBuildPhase;
			buildActionMask = 2147483647;
			files = (
			);
			runOnlyForDeploymentPostprocessing = 0;
		};
		5EF1247328A83C650056548D /* Frameworks */ = {
			isa = PBXFrameworksBuildPhase;
			buildActionMask = 2147483647;
			files = (
			);
			runOnlyForDeploymentPostprocessing = 0;
		};
		5EF1247D28A83C650056548D /* Frameworks */ = {
			isa = PBXFrameworksBuildPhase;
			buildActionMask = 2147483647;
			files = (
			);
			runOnlyForDeploymentPostprocessing = 0;
		};
/* End PBXFrameworksBuildPhase section */

/* Begin PBXGroup section */
		5EF1245D28A83C640056548D = {
			isa = PBXGroup;
			children = (
				5EF1246828A83C640056548D /* Object Recognizer */,
				5EF1249528A83C9A0056548D /* Models */,
				5EF1247928A83C650056548D /* Object RecognizerTests */,
				5EF1248328A83C650056548D /* Object RecognizerUITests */,
				5EF1246728A83C640056548D /* Products */,
			);
			sourceTree = "<group>";
		};
		5EF1246728A83C640056548D /* Products */ = {
			isa = PBXGroup;
			children = (
				5EF1246628A83C640056548D /* Object Recognizer.app */,
				5EF1247628A83C650056548D /* Object RecognizerTests.xctest */,
				5EF1248028A83C650056548D /* Object RecognizerUITests.xctest */,
			);
			name = Products;
			sourceTree = "<group>";
		};
		5EF1246828A83C640056548D /* Object Recognizer */ = {
			isa = PBXGroup;
			children = (
				5EF1246928A83C640056548D /* Object_RecognizerApp.swift */,
				5EF1249A28A83DB60056548D /* ContentView.swift */,
				5EF1249C28A83DBE0056548D /* ImagePicker.swift */,
				5EF124A228A84DA30056548D /* ImageConverter.swift */,
				5EF1246D28A83C650056548D /* Assets.xcassets */,
				5EF1246F28A83C650056548D /* Preview Content */,
			);
			path = "Object Recognizer";
			sourceTree = "<group>";
		};
		5EF1246F28A83C650056548D /* Preview Content */ = {
			isa = PBXGroup;
			children = (
				5EF1247028A83C650056548D /* Preview Assets.xcassets */,
			);
			path = "Preview Content";
			sourceTree = "<group>";
		};
		5EF1247928A83C650056548D /* Object RecognizerTests */ = {
			isa = PBXGroup;
			children = (
				5EF1247A28A83C650056548D /* Object_RecognizerTests.swift */,
			);
			path = "Object RecognizerTests";
			sourceTree = "<group>";
		};
		5EF1248328A83C650056548D /* Object RecognizerUITests */ = {
			isa = PBXGroup;
			children = (
				5EF1248428A83C650056548D /* Object_RecognizerUITests.swift */,
				5EF1248628A83C650056548D /* Object_RecognizerUITestsLaunchTests.swift */,
			);
			path = "Object RecognizerUITests";
			sourceTree = "<group>";
		};
		5EF1249528A83C9A0056548D /* Models */ = {
			isa = PBXGroup;
			children = (
				5EF124AA28A8988A0056548D /* CatOrDogClassifier.mlmodel */,
				5EF124A628A890330056548D /* MobileNet.mlmodel */,
			);
			path = Models;
			sourceTree = "<group>";
		};
/* End PBXGroup section */

/* Begin PBXNativeTarget section */
		5EF1246528A83C640056548D /* Object Recognizer */ = {
			isa = PBXNativeTarget;
			buildConfigurationList = 5EF1248A28A83C650056548D /* Build configuration list for PBXNativeTarget "Object Recognizer" */;
			buildPhases = (
				5EF1246228A83C640056548D /* Sources */,
				5EF1246328A83C640056548D /* Frameworks */,
				5EF1246428A83C640056548D /* Resources */,
			);
			buildRules = (
			);
			dependencies = (
			);
			name = "Object Recognizer";
			productName = "Object Recognizer";
			productReference = 5EF1246628A83C640056548D /* Object Recognizer.app */;
			productType = "com.apple.product-type.application";
		};
		5EF1247528A83C650056548D /* Object RecognizerTests */ = {
			isa = PBXNativeTarget;
			buildConfigurationList = 5EF1248D28A83C650056548D /* Build configuration list for PBXNativeTarget "Object RecognizerTests" */;
			buildPhases = (
				5EF1247228A83C650056548D /* Sources */,
				5EF1247328A83C650056548D /* Frameworks */,
				5EF1247428A83C650056548D /* Resources */,
			);
			buildRules = (
			);
			dependencies = (
				5EF1247828A83C650056548D /* PBXTargetDependency */,
			);
			name = "Object RecognizerTests";
			productName = "Object RecognizerTests";
			productReference = 5EF1247628A83C650056548D /* Object RecognizerTests.xctest */;
			productType = "com.apple.product-type.bundle.unit-test";
		};
		5EF1247F28A83C650056548D /* Object RecognizerUITests */ = {
			isa = PBXNativeTarget;
			buildConfigurationList = 5EF1249028A83C650056548D /* Build configuration list for PBXNativeTarget "Object RecognizerUITests" */;
			buildPhases = (
				5EF1247C28A83C650056548D /* Sources */,
				5EF1247D28A83C650056548D /* Frameworks */,
				5EF1247E28A83C650056548D /* Resources */,
			);
			buildRules = (
			);
			dependencies = (
				5EF1248228A83C650056548D /* PBXTargetDependency */,
			);
			name = "Object RecognizerUITests";
			productName = "Object RecognizerUITests";
			productReference = 5EF1248028A83C650056548D /* Object RecognizerUITests.xctest */;
			productType = "com.apple.product-type.bundle.ui-testing";
		};
/* End PBXNativeTarget section */

/* Begin PBXProject section */
		5EF1245E28A83C640056548D /* Project object */ = {
			isa = PBXProject;
			attributes = {
				BuildIndependentTargetsInParallel = 1;
				LastSwiftUpdateCheck = 1340;
				LastUpgradeCheck = 1340;
				TargetAttributes = {
					5EF1246528A83C640056548D = {
						CreatedOnToolsVersion = 13.4.1;
					};
					5EF1247528A83C650056548D = {
						CreatedOnToolsVersion = 13.4.1;
						TestTargetID = 5EF1246528A83C640056548D;
					};
					5EF1247F28A83C650056548D = {
						CreatedOnToolsVersion = 13.4.1;
						TestTargetID = 5EF1246528A83C640056548D;
					};
				};
			};
			buildConfigurationList = 5EF1246128A83C640056548D /* Build configuration list for PBXProject "Object Recognizer" */;
			compatibilityVersion = "Xcode 13.0";
			developmentRegion = en;
			hasScannedForEncodings = 0;
			knownRegions = (
				en,
				Base,
			);
			mainGroup = 5EF1245D28A83C640056548D;
			productRefGroup = 5EF1246728A83C640056548D /* Products */;
			projectDirPath = "";
			projectRoot = "";
			targets = (
				5EF1246528A83C640056548D /* Object Recognizer */,
				5EF1247528A83C650056548D /* Object RecognizerTests */,
				5EF1247F28A83C650056548D /* Object RecognizerUITests */,
			);
		};
/* End PBXProject section */

/* Begin PBXResourcesBuildPhase section */
		5EF1246428A83C640056548D /* Resources */ = {
			isa = PBXResourcesBuildPhase;
			buildActionMask = 2147483647;
			files = (
				5EF1247128A83C650056548D /* Preview Assets.xcassets in Resources */,
				5EF1246E28A83C650056548D /* Assets.xcassets in Resources */,
			);
			runOnlyForDeploymentPostprocessing = 0;
		};
		5EF1247428A83C650056548D /* Resources */ = {
			isa = PBXResourcesBuildPhase;
			buildActionMask = 2147483647;
			files = (
			);
			runOnlyForDeploymentPostprocessing = 0;
		};
		5EF1247E28A83C650056548D /* Resources */ = {
			isa = PBXResourcesBuildPhase;
			buildActionMask = 2147483647;
			files = (
			);
			runOnlyForDeploymentPostprocessing = 0;
		};
/* End PBXResourcesBuildPhase section */

/* Begin PBXSourcesBuildPhase section */
		5EF1246228A83C640056548D /* Sources */ = {
			isa = PBXSourcesBuildPhase;
			buildActionMask = 2147483647;
			files = (
				5EF124AB28A8988A0056548D /* CatOrDogClassifier.mlmodel in Sources */,
				5EF1249D28A83DBE0056548D /* ImagePicker.swift in Sources */,
				5EF124A328A84DA30056548D /* ImageConverter.swift in Sources */,
				5EF124A728A890330056548D /* MobileNet.mlmodel in Sources */,
				5EF1246A28A83C640056548D /* Object_RecognizerApp.swift in Sources */,
				5EF1249B28A83DB60056548D /* ContentView.swift in Sources */,
			);
			runOnlyForDeploymentPostprocessing = 0;
		};
		5EF1247228A83C650056548D /* Sources */ = {
			isa = PBXSourcesBuildPhase;
			buildActionMask = 2147483647;
			files = (
				5EF1247B28A83C650056548D /* Object_RecognizerTests.swift in Sources */,
			);
			runOnlyForDeploymentPostprocessing = 0;
		};
		5EF1247C28A83C650056548D /* Sources */ = {
			isa = PBXSourcesBuildPhase;
			buildActionMask = 2147483647;
			files = (
				5EF1248528A83C650056548D /* Object_RecognizerUITests.swift in Sources */,
				5EF1248728A83C650056548D /* Object_RecognizerUITestsLaunchTests.swift in Sources */,
			);
			runOnlyForDeploymentPostprocessing = 0;
		};
/* End PBXSourcesBuildPhase section */

/* Begin PBXTargetDependency section */
		5EF1247828A83C650056548D /* PBXTargetDependency */ = {
			isa = PBXTargetDependency;
			target = 5EF1246528A83C640056548D /* Object Recognizer */;
			targetProxy = 5EF1247728A83C650056548D /* PBXContainerItemProxy */;
		};
		5EF1248228A83C650056548D /* PBXTargetDependency */ = {
			isa = PBXTargetDependency;
			target = 5EF1246528A83C640056548D /* Object Recognizer */;
			targetProxy = 5EF1248128A83C650056548D /* PBXContainerItemProxy */;
		};
/* End PBXTargetDependency section */

/* Begin XCBuildConfiguration section */
		5EF1248828A83C650056548D /* Debug */ = {
			isa = XCBuildConfiguration;
			buildSettings = {
				ALWAYS_SEARCH_USER_PATHS = NO;
				CLANG_ANALYZER_NONNULL = YES;
				CLANG_ANALYZER_NUMBER_OBJECT_CONVERSION = YES_AGGRESSIVE;
				CLANG_CXX_LANGUAGE_STANDARD = "gnu++17";
				CLANG_ENABLE_MODULES = YES;
				CLANG_ENABLE_OBJC_ARC = YES;
				CLANG_ENABLE_OBJC_WEAK = YES;
				CLANG_WARN_BLOCK_CAPTURE_AUTORELEASING = YES;
				CLANG_WARN_BOOL_CONVERSION = YES;
				CLANG_WARN_COMMA = YES;
				CLANG_WARN_CONSTANT_CONVERSION = YES;
				CLANG_WARN_DEPRECATED_OBJC_IMPLEMENTATIONS = YES;
				CLANG_WARN_DIRECT_OBJC_ISA_USAGE = YES_ERROR;
				CLANG_WARN_DOCUMENTATION_COMMENTS = YES;
				CLANG_WARN_EMPTY_BODY = YES;
				CLANG_WARN_ENUM_CONVERSION = YES;
				CLANG_WARN_INFINITE_RECURSION = YES;
				CLANG_WARN_INT_CONVERSION = YES;
				CLANG_WARN_NON_LITERAL_NULL_CONVERSION = YES;
				CLANG_WARN_OBJC_IMPLICIT_RETAIN_SELF = YES;
				CLANG_WARN_OBJC_LITERAL_CONVERSION = YES;
				CLANG_WARN_OBJC_ROOT_CLASS = YES_ERROR;
				CLANG_WARN_QUOTED_INCLUDE_IN_FRAMEWORK_HEADER = YES;
				CLANG_WARN_RANGE_LOOP_ANALYSIS = YES;
				CLANG_WARN_STRICT_PROTOTYPES = YES;
				CLANG_WARN_SUSPICIOUS_MOVE = YES;
				CLANG_WARN_UNGUARDED_AVAILABILITY = YES_AGGRESSIVE;
				CLANG_WARN_UNREACHABLE_CODE = YES;
				CLANG_WARN__DUPLICATE_METHOD_MATCH = YES;
				COPY_PHASE_STRIP = NO;
				DEBUG_INFORMATION_FORMAT = dwarf;
				ENABLE_STRICT_OBJC_MSGSEND = YES;
				ENABLE_TESTABILITY = YES;
				GCC_C_LANGUAGE_STANDARD = gnu11;
				GCC_DYNAMIC_NO_PIC = NO;
				GCC_NO_COMMON_BLOCKS = YES;
				GCC_OPTIMIZATION_LEVEL = 0;
				GCC_PREPROCESSOR_DEFINITIONS = (
					"DEBUG=1",
					"$(inherited)",
				);
				GCC_WARN_64_TO_32_BIT_CONVERSION = YES;
				GCC_WARN_ABOUT_RETURN_TYPE = YES_ERROR;
				GCC_WARN_UNDECLARED_SELECTOR = YES;
				GCC_WARN_UNINITIALIZED_AUTOS = YES_AGGRESSIVE;
				GCC_WARN_UNUSED_FUNCTION = YES;
				GCC_WARN_UNUSED_VARIABLE = YES;
				IPHONEOS_DEPLOYMENT_TARGET = 15.5;
				MTL_ENABLE_DEBUG_INFO = INCLUDE_SOURCE;
				MTL_FAST_MATH = YES;
				ONLY_ACTIVE_ARCH = YES;
				SDKROOT = iphoneos;
				SWIFT_ACTIVE_COMPILATION_CONDITIONS = DEBUG;
				SWIFT_OPTIMIZATION_LEVEL = "-Onone";
			};
			name = Debug;
		};
		5EF1248928A83C650056548D /* Release */ = {
			isa = XCBuildConfiguration;
			buildSettings = {
				ALWAYS_SEARCH_USER_PATHS = NO;
				CLANG_ANALYZER_NONNULL = YES;
				CLANG_ANALYZER_NUMBER_OBJECT_CONVERSION = YES_AGGRESSIVE;
				CLANG_CXX_LANGUAGE_STANDARD = "gnu++17";
				CLANG_ENABLE_MODULES = YES;
				CLANG_ENABLE_OBJC_ARC = YES;
				CLANG_ENABLE_OBJC_WEAK = YES;
				CLANG_WARN_BLOCK_CAPTURE_AUTORELEASING = YES;
				CLANG_WARN_BOOL_CONVERSION = YES;
				CLANG_WARN_COMMA = YES;
				CLANG_WARN_CONSTANT_CONVERSION = YES;
				CLANG_WARN_DEPRECATED_OBJC_IMPLEMENTATIONS = YES;
				CLANG_WARN_DIRECT_OBJC_ISA_USAGE = YES_ERROR;
				CLANG_WARN_DOCUMENTATION_COMMENTS = YES;
				CLANG_WARN_EMPTY_BODY = YES;
				CLANG_WARN_ENUM_CONVERSION = YES;
				CLANG_WARN_INFINITE_RECURSION = YES;
				CLANG_WARN_INT_CONVERSION = YES;
				CLANG_WARN_NON_LITERAL_NULL_CONVERSION = YES;
				CLANG_WARN_OBJC_IMPLICIT_RETAIN_SELF = YES;
				CLANG_WARN_OBJC_LITERAL_CONVERSION = YES;
				CLANG_WARN_OBJC_ROOT_CLASS = YES_ERROR;
				CLANG_WARN_QUOTED_INCLUDE_IN_FRAMEWORK_HEADER = YES;
				CLANG_WARN_RANGE_LOOP_ANALYSIS = YES;
				CLANG_WARN_STRICT_PROTOTYPES = YES;
				CLANG_WARN_SUSPICIOUS_MOVE = YES;
				CLANG_WARN_UNGUARDED_AVAILABILITY = YES_AGGRESSIVE;
				CLANG_WARN_UNREACHABLE_CODE = YES;
				CLANG_WARN__DUPLICATE_METHOD_MATCH = YES;
				COPY_PHASE_STRIP = NO;
				DEBUG_INFORMATION_FORMAT = "dwarf-with-dsym";
				ENABLE_NS_ASSERTIONS = NO;
				ENABLE_STRICT_OBJC_MSGSEND = YES;
				GCC_C_LANGUAGE_STANDARD = gnu11;
				GCC_NO_COMMON_BLOCKS = YES;
				GCC_WARN_64_TO_32_BIT_CONVERSION = YES;
				GCC_WARN_ABOUT_RETURN_TYPE = YES_ERROR;
				GCC_WARN_UNDECLARED_SELECTOR = YES;
				GCC_WARN_UNINITIALIZED_AUTOS = YES_AGGRESSIVE;
				GCC_WARN_UNUSED_FUNCTION = YES;
				GCC_WARN_UNUSED_VARIABLE = YES;
				IPHONEOS_DEPLOYMENT_TARGET = 15.5;
				MTL_ENABLE_DEBUG_INFO = NO;
				MTL_FAST_MATH = YES;
				SDKROOT = iphoneos;
				SWIFT_COMPILATION_MODE = wholemodule;
				SWIFT_OPTIMIZATION_LEVEL = "-O";
				VALIDATE_PRODUCT = YES;
			};
			name = Release;
		};
		5EF1248B28A83C650056548D /* Debug */ = {
			isa = XCBuildConfiguration;
			buildSettings = {
				ASSETCATALOG_COMPILER_APPICON_NAME = AppIcon;
				ASSETCATALOG_COMPILER_GLOBAL_ACCENT_COLOR_NAME = AccentColor;
				CODE_SIGN_STYLE = Automatic;
				CURRENT_PROJECT_VERSION = 1;
				DEVELOPMENT_ASSET_PATHS = "\"Object Recognizer/Preview Content\"";
				DEVELOPMENT_TEAM = C5QAJ72K8P;
				ENABLE_PREVIEWS = YES;
				GENERATE_INFOPLIST_FILE = YES;
				INFOPLIST_KEY_UIApplicationSceneManifest_Generation = YES;
				INFOPLIST_KEY_UIApplicationSupportsIndirectInputEvents = YES;
				INFOPLIST_KEY_UILaunchScreen_Generation = YES;
				INFOPLIST_KEY_UISupportedInterfaceOrientations_iPad = "UIInterfaceOrientationPortrait UIInterfaceOrientationPortraitUpsideDown UIInterfaceOrientationLandscapeLeft UIInterfaceOrientationLandscapeRight";
				INFOPLIST_KEY_UISupportedInterfaceOrientations_iPhone = "UIInterfaceOrientationPortrait UIInterfaceOrientationLandscapeLeft UIInterfaceOrientationLandscapeRight";
				LD_RUNPATH_SEARCH_PATHS = (
					"$(inherited)",
					"@executable_path/Frameworks",
				);
				MARKETING_VERSION = 1.0;
				PRODUCT_BUNDLE_IDENTIFIER = "com.JeffreyZhou.Object-Recognizer";
				PRODUCT_NAME = "$(TARGET_NAME)";
				SWIFT_EMIT_LOC_STRINGS = YES;
				SWIFT_VERSION = 5.0;
				TARGETED_DEVICE_FAMILY = "1,2";
			};
			name = Debug;
		};
		5EF1248C28A83C650056548D /* Release */ = {
			isa = XCBuildConfiguration;
			buildSettings = {
				ASSETCATALOG_COMPILER_APPICON_NAME = AppIcon;
				ASSETCATALOG_COMPILER_GLOBAL_ACCENT_COLOR_NAME = AccentColor;
				CODE_SIGN_STYLE = Automatic;
				CURRENT_PROJECT_VERSION = 1;
				DEVELOPMENT_ASSET_PATHS = "\"Object Recognizer/Preview Content\"";
				DEVELOPMENT_TEAM = C5QAJ72K8P;
				ENABLE_PREVIEWS = YES;
				GENERATE_INFOPLIST_FILE = YES;
				INFOPLIST_KEY_UIApplicationSceneManifest_Generation = YES;
				INFOPLIST_KEY_UIApplicationSupportsIndirectInputEvents = YES;
				INFOPLIST_KEY_UILaunchScreen_Generation = YES;
				INFOPLIST_KEY_UISupportedInterfaceOrientations_iPad = "UIInterfaceOrientationPortrait UIInterfaceOrientationPortraitUpsideDown UIInterfaceOrientationLandscapeLeft UIInterfaceOrientationLandscapeRight";
				INFOPLIST_KEY_UISupportedInterfaceOrientations_iPhone = "UIInterfaceOrientationPortrait UIInterfaceOrientationLandscapeLeft UIInterfaceOrientationLandscapeRight";
				LD_RUNPATH_SEARCH_PATHS = (
					"$(inherited)",
					"@executable_path/Frameworks",
				);
				MARKETING_VERSION = 1.0;
				PRODUCT_BUNDLE_IDENTIFIER = "com.JeffreyZhou.Object-Recognizer";
				PRODUCT_NAME = "$(TARGET_NAME)";
				SWIFT_EMIT_LOC_STRINGS = YES;
				SWIFT_VERSION = 5.0;
				TARGETED_DEVICE_FAMILY = "1,2";
			};
			name = Release;
		};
		5EF1248E28A83C650056548D /* Debug */ = {
			isa = XCBuildConfiguration;
			buildSettings = {
				ALWAYS_EMBED_SWIFT_STANDARD_LIBRARIES = YES;
				BUNDLE_LOADER = "$(TEST_HOST)";
				CODE_SIGN_STYLE = Automatic;
				CURRENT_PROJECT_VERSION = 1;
				DEVELOPMENT_TEAM = C5QAJ72K8P;
				GENERATE_INFOPLIST_FILE = YES;
				IPHONEOS_DEPLOYMENT_TARGET = 15.5;
				MARKETING_VERSION = 1.0;
				PRODUCT_BUNDLE_IDENTIFIER = "com.JeffreyZhou.Object-RecognizerTests";
				PRODUCT_NAME = "$(TARGET_NAME)";
				SWIFT_EMIT_LOC_STRINGS = NO;
				SWIFT_VERSION = 5.0;
				TARGETED_DEVICE_FAMILY = "1,2";
				TEST_HOST = "$(BUILT_PRODUCTS_DIR)/Object Recognizer.app/Object Recognizer";
			};
			name = Debug;
		};
		5EF1248F28A83C650056548D /* Release */ = {
			isa = XCBuildConfiguration;
			buildSettings = {
				ALWAYS_EMBED_SWIFT_STANDARD_LIBRARIES = YES;
				BUNDLE_LOADER = "$(TEST_HOST)";
				CODE_SIGN_STYLE = Automatic;
				CURRENT_PROJECT_VERSION = 1;
				DEVELOPMENT_TEAM = C5QAJ72K8P;
				GENERATE_INFOPLIST_FILE = YES;
				IPHONEOS_DEPLOYMENT_TARGET = 15.5;
				MARKETING_VERSION = 1.0;
				PRODUCT_BUNDLE_IDENTIFIER = "com.JeffreyZhou.Object-RecognizerTests";
				PRODUCT_NAME = "$(TARGET_NAME)";
				SWIFT_EMIT_LOC_STRINGS = NO;
				SWIFT_VERSION = 5.0;
				TARGETED_DEVICE_FAMILY = "1,2";
				TEST_HOST = "$(BUILT_PRODUCTS_DIR)/Object Recognizer.app/Object Recognizer";
			};
			name = Release;
		};
		5EF1249128A83C650056548D /* Debug */ = {
			isa = XCBuildConfiguration;
			buildSettings = {
				ALWAYS_EMBED_SWIFT_STANDARD_LIBRARIES = YES;
				CODE_SIGN_STYLE = Automatic;
				CURRENT_PROJECT_VERSION = 1;
				DEVELOPMENT_TEAM = C5QAJ72K8P;
				GENERATE_INFOPLIST_FILE = YES;
				MARKETING_VERSION = 1.0;
				PRODUCT_BUNDLE_IDENTIFIER = "com.JeffreyZhou.Object-RecognizerUITests";
				PRODUCT_NAME = "$(TARGET_NAME)";
				SWIFT_EMIT_LOC_STRINGS = NO;
				SWIFT_VERSION = 5.0;
				TARGETED_DEVICE_FAMILY = "1,2";
				TEST_TARGET_NAME = "Object Recognizer";
			};
			name = Debug;
		};
		5EF1249228A83C650056548D /* Release */ = {
			isa = XCBuildConfiguration;
			buildSettings = {
				ALWAYS_EMBED_SWIFT_STANDARD_LIBRARIES = YES;
				CODE_SIGN_STYLE = Automatic;
				CURRENT_PROJECT_VERSION = 1;
				DEVELOPMENT_TEAM = C5QAJ72K8P;
				GENERATE_INFOPLIST_FILE = YES;
				MARKETING_VERSION = 1.0;
				PRODUCT_BUNDLE_IDENTIFIER = "com.JeffreyZhou.Object-RecognizerUITests";
				PRODUCT_NAME = "$(TARGET_NAME)";
				SWIFT_EMIT_LOC_STRINGS = NO;
				SWIFT_VERSION = 5.0;
				TARGETED_DEVICE_FAMILY = "1,2";
				TEST_TARGET_NAME = "Object Recognizer";
			};
			name = Release;
		};
/* End XCBuildConfiguration section */

/* Begin XCConfigurationList section */
		5EF1246128A83C640056548D /* Build configuration list for PBXProject "Object Recognizer" */ = {
			isa = XCConfigurationList;
			buildConfigurations = (
				5EF1248828A83C650056548D /* Debug */,
				5EF1248928A83C650056548D /* Release */,
			);
			defaultConfigurationIsVisible = 0;
			defaultConfigurationName = Release;
		};
		5EF1248A28A83C650056548D /* Build configuration list for PBXNativeTarget "Object Recognizer" */ = {
			isa = XCConfigurationList;
			buildConfigurations = (
				5EF1248B28A83C650056548D /* Debug */,
				5EF1248C28A83C650056548D /* Release */,
			);
			defaultConfigurationIsVisible = 0;
			defaultConfigurationName = Release;
		};
		5EF1248D28A83C650056548D /* Build configuration list for PBXNativeTarget "Object RecognizerTests" */ = {
			isa = XCConfigurationList;
			buildConfigurations = (
				5EF1248E28A83C650056548D /* Debug */,
				5EF1248F28A83C650056548D /* Release */,
			);
			defaultConfigurationIsVisible = 0;
			defaultConfigurationName = Release;
		};
		5EF1249028A83C650056548D /* Build configuration list for PBXNativeTarget "Object RecognizerUITests" */ = {
			isa = XCConfigurationList;
			buildConfigurations = (
				5EF1249128A83C650056548D /* Debug */,
				5EF1249228A83C650056548D /* Release */,
			);
			defaultConfigurationIsVisible = 0;
			defaultConfigurationName = Release;
		};
/* End XCConfigurationList section */
	};
	rootObject = 5EF1245E28A83C640056548D /* Project object */;
}
